github.com/liusongpeng/submodules/b v0.0.0-20190104101348-60ac795e7af3/go.mod h1:JTv0aoowB0e4vmh5KPpuSC3+LEHT4EjRAkRE+O0Fg8E=
github.com/stamblerre/gocode v0.0.0-20181212030458-2f9d39d8f31d/go.mod h1:EM2T8YDoTCvGXbEpFHxarbpv7VE26QD1++Cb1Pbh7Gs=
golang.org/x/tools v0.0.0-20190103205943-8a6051197512/go.mod h1:n7NCudcB/nEzxVGmLbDWY5pfWTLqBcC2KZ6jyYvM4mQ=
